
Microsoft Visual Studio Solution File, Format Version 12.00
# Visual Studio 2012
Project("{FAE04EC0-301F-11D3-BF4B-00C04F79EFBC}") = "Chromiup", "Chromiup\Chromiup.csproj", "{417BF5DE-E7B1-422D-8759-421B6B348BBC}"
EndProject
Global
	GlobalSection(SolutionConfigurationPlatforms) = preSolution
		Debug|Any CPU = Debug|Any CPU
		Release|Any CPU = Release|Any CPU
	EndGlobalSection
	GlobalSection(ProjectConfigurationPlatforms) = postSolution
		{417BF5DE-E7B1-422D-8759-421B6B348BBC}.Debug|Any CPU.ActiveCfg = Debug|Any CPU
		{417BF5DE-E7B1-422D-8759-421B6B348BBC}.Debug|Any CPU.Build.0 = Debug|Any CPU
		{417BF5DE-E7B1-422D-8759-421B6B348BBC}.Release|Any CPU.ActiveCfg = Release|Any CPU
		{417BF5DE-E7B1-422D-8759-421B6B348BBC}.Release|Any CPU.Build.0 = Release|Any CPU
	EndGlobalSection
	GlobalSection(SolutionProperties) = preSolution
		HideSolutionNode = FALSE
	EndGlobalSection
EndGlobal
